
Microsoft Visual Studio Solution File, Format Version 12.00
# Visual Studio Version 17
VisualStudioVersion = 17.0.31903.59
MinimumVisualStudioVersion = 10.0.40219.1
Project("{FAE04EC0-301F-11D3-BF4B-00C04F79EFBC}") = "Qwen.MCP.Agent", "Qwen.MCP.Agent\Qwen.MCP.Agent.csproj", "{B8B0C1D9-99AD-4FB5-932C-9565F800B2F5}"
EndProject
Project("{FAE04EC0-301F-11D3-BF4B-00C04F79EFBC}") = "Qwen.MCP.Server", "Qwen.MCP.Server\Qwen.MCP.Server.csproj", "{39E762D7-634A-4533-9984-DF56328A4BA9}"
EndProject
Project("{FAE04EC0-301F-11D3-BF4B-00C04F79EFBC}") = "Qwen.MCP.AppHost", "Qwen.MCP.AppHost\Qwen.MCP.AppHost.csproj", "{535B08FD-CB54-447A-9B38-40DC554C920F}"
EndProject
Global
	GlobalSection(SolutionConfigurationPlatforms) = preSolution
		Debug|Any CPU = Debug|Any CPU
		Release|Any CPU = Release|Any CPU
	EndGlobalSection
	GlobalSection(SolutionProperties) = preSolution
		HideSolutionNode = FALSE
	EndGlobalSection
	GlobalSection(ProjectConfigurationPlatforms) = postSolution
		{B8B0C1D9-99AD-4FB5-932C-9565F800B2F5}.Debug|Any CPU.ActiveCfg = Debug|Any CPU
		{B8B0C1D9-99AD-4FB5-932C-9565F800B2F5}.Debug|Any CPU.Build.0 = Debug|Any CPU
		{B8B0C1D9-99AD-4FB5-932C-9565F800B2F5}.Release|Any CPU.ActiveCfg = Release|Any CPU
		{B8B0C1D9-99AD-4FB5-932C-9565F800B2F5}.Release|Any CPU.Build.0 = Release|Any CPU
		{39E762D7-634A-4533-9984-DF56328A4BA9}.Debug|Any CPU.ActiveCfg = Debug|Any CPU
		{39E762D7-634A-4533-9984-DF56328A4BA9}.Debug|Any CPU.Build.0 = Debug|Any CPU
		{39E762D7-634A-4533-9984-DF56328A4BA9}.Release|Any CPU.ActiveCfg = Release|Any CPU
		{39E762D7-634A-4533-9984-DF56328A4BA9}.Release|Any CPU.Build.0 = Release|Any CPU
		{535B08FD-CB54-447A-9B38-40DC554C920F}.Debug|Any CPU.ActiveCfg = Debug|Any CPU
		{535B08FD-CB54-447A-9B38-40DC554C920F}.Debug|Any CPU.Build.0 = Debug|Any CPU
		{535B08FD-CB54-447A-9B38-40DC554C920F}.Release|Any CPU.ActiveCfg = Release|Any CPU
		{535B08FD-CB54-447A-9B38-40DC554C920F}.Release|Any CPU.Build.0 = Release|Any CPU
	EndGlobalSection
EndGlobal
